
Microsoft Visual Studio Solution File, Format Version 12.00
# Visual Studio Version 17
VisualStudioVersion = 17.14.36109.1 d17.14
MinimumVisualStudioVersion = 10.0.40219.1
Project("{FAE04EC0-301F-11D3-BF4B-00C04F79EFBC}") = "web2Clean", "web2Clean\web2Clean.csproj", "{A381F24B-2EE2-4AB5-909D-98BFE5AA60FC}"
EndProject
Global
	GlobalSection(SolutionConfigurationPlatforms) = preSolution
		Debug|Any CPU = Debug|Any CPU
		Release|Any CPU = Release|Any CPU
	EndGlobalSection
	GlobalSection(ProjectConfigurationPlatforms) = postSolution
		{A381F24B-2EE2-4AB5-909D-98BFE5AA60FC}.Debug|Any CPU.ActiveCfg = Debug|Any CPU
		{A381F24B-2EE2-4AB5-909D-98BFE5AA60FC}.Debug|Any CPU.Build.0 = Debug|Any CPU
		{A381F24B-2EE2-4AB5-909D-98BFE5AA60FC}.Release|Any CPU.ActiveCfg = Release|Any CPU
		{A381F24B-2EE2-4AB5-909D-98BFE5AA60FC}.Release|Any CPU.Build.0 = Release|Any CPU
	EndGlobalSection
	GlobalSection(SolutionProperties) = preSolution
		HideSolutionNode = FALSE
	EndGlobalSection
	GlobalSection(ExtensibilityGlobals) = postSolution
		SolutionGuid = {FD552BB1-A10C-4D5A-AE0D-A9CA8D4AA212}
	EndGlobalSection
EndGlobal
